Microsoft Visual Studio Solution File, Format Version 12.00
# Visual Studio Version 17
VisualStudioVersion = 17.5.2.0
MinimumVisualStudioVersion = 10.0.40219.1
Project("{FAE04EC0-301F-11D3-BF4B-00C04F79EFBC}") = "Tarefa-CRUD", "Tarefa-CRUD.csproj", "{E588A232-BBEC-0574-082B-0D5296C2A148}"
EndProject
Global
	GlobalSection(SolutionConfigurationPlatforms) = preSolution
		Debug|Any CPU = Debug|Any CPU
		Release|Any CPU = Release|Any CPU
	EndGlobalSection
	GlobalSection(ProjectConfigurationPlatforms) = postSolution
		{E588A232-BBEC-0574-082B-0D5296C2A148}.Debug|Any CPU.ActiveCfg = Debug|Any CPU
		{E588A232-BBEC-0574-082B-0D5296C2A148}.Debug|Any CPU.Build.0 = Debug|Any CPU
		{E588A232-BBEC-0574-082B-0D5296C2A148}.Release|Any CPU.ActiveCfg = Release|Any CPU
		{E588A232-BBEC-0574-082B-0D5296C2A148}.Release|Any CPU.Build.0 = Release|Any CPU
	EndGlobalSection
	GlobalSection(SolutionProperties) = preSolution
		HideSolutionNode = FALSE
	EndGlobalSection
	GlobalSection(ExtensibilityGlobals) = postSolution
		SolutionGuid = {DFD4C014-F848-4322-8137-34B4DA66405C}
	EndGlobalSection
EndGlobal
